
Microsoft Visual Studio Solution File, Format Version 12.00
# Visual Studio Version 16
VisualStudioVersion = 16.0.31729.503
MinimumVisualStudioVersion = 10.0.40219.1
Project("{FAE04EC0-301F-11D3-BF4B-00C04F79EFBC}") = "iPodMobileTerminals.UWP", "iPodMobileTerminals.UWP\iPodMobileTerminals.UWP.csproj", "{66114520-BA69-4FD1-9510-5EFFE6AFE43A}"
EndProject
Project("{FAE04EC0-301F-11D3-BF4B-00C04F79EFBC}") = "iPodMobileTerminals.Android", "iPodMobileTerminals.Android\iPodMobileTerminals.Android.csproj", "{CF6F062B-BE65-43F3-B972-7DCEB7E35D4A}"
EndProject
Project("{FAE04EC0-301F-11D3-BF4B-00C04F79EFBC}") = "iPodMobileTerminals.iOS", "iPodMobileTerminals.iOS\iPodMobileTerminals.iOS.csproj", "{6CCC7BEA-C6B1-4F1A-A423-C567E7B230BB}"
EndProject
Project("{FAE04EC0-301F-11D3-BF4B-00C04F79EFBC}") = "iPodMobileTerminals", "iPodMobileTerminals\iPodMobileTerminals.csproj", "{29A1D332-47FB-4641-875B-AA01379668D5}"
EndProject
Global
	GlobalSection(SolutionConfigurationPlatforms) = preSolution
		Debug|Any CPU = Debug|Any CPU
		Debug|ARM = Debug|ARM
		Debug|iPhone = Debug|iPhone
		Debug|iPhoneSimulator = Debug|iPhoneSimulator
		Debug|x64 = Debug|x64
		Debug|x86 = Debug|x86
		Release|Any CPU = Release|Any CPU
		Release|ARM = Release|ARM
		Release|iPhone = Release|iPhone
		Release|iPhoneSimulator = Release|iPhoneSimulator
		Release|x64 = Release|x64
		Release|x86 = Release|x86
	EndGlobalSection
	GlobalSection(ProjectConfigurationPlatforms) = postSolution
		{66114520-BA69-4FD1-9510-5EFFE6AFE43A}.Debug|Any CPU.ActiveCfg = Debug|x86
		{66114520-BA69-4FD1-9510-5EFFE6AFE43A}.Debug|Any CPU.Build.0 = Debug|x86
		{66114520-BA69-4FD1-9510-5EFFE6AFE43A}.Debug|Any CPU.Deploy.0 = Debug|x86
		{66114520-BA69-4FD1-9510-5EFFE6AFE43A}.Debug|ARM.ActiveCfg = Debug|ARM
		{66114520-BA69-4FD1-9510-5EFFE6AFE43A}.Debug|ARM.Build.0 = Debug|ARM
		{66114520-BA69-4FD1-9510-5EFFE6AFE43A}.Debug|ARM.Deploy.0 = Debug|ARM
		{66114520-BA69-4FD1-9510-5EFFE6AFE43A}.Debug|iPhone.ActiveCfg = Debug|x86
		{66114520-BA69-4FD1-9510-5EFFE6AFE43A}.Debug|iPhone.Build.0 = Debug|x86
		{66114520-BA69-4FD1-9510-5EFFE6AFE43A}.Debug|iPhone.Deploy.0 = Debug|x86
		{66114520-BA69-4FD1-9510-5EFFE6AFE43A}.Debug|iPhoneSimulator.ActiveCfg = Debug|x86
		{66114520-BA69-4FD1-9510-5EFFE6AFE43A}.Debug|iPhoneSimulator.Build.0 = Debug|x86
		{66114520-BA69-4FD1-9510-5EFFE6AFE43A}.Debug|iPhoneSimulator.Deploy.0 = Debug|x86
		{66114520-BA69-4FD1-9510-5EFFE6AFE43A}.Debug|x64.ActiveCfg = Debug|x64
		{66114520-BA69-4FD1-9510-5EFFE6AFE43A}.Debug|x64.Build.0 = Debug|x64
		{66114520-BA69-4FD1-9510-5EFFE6AFE43A}.Debug|x64.Deploy.0 = Debug|x64
		{66114520-BA69-4FD1-9510-5EFFE6AFE43A}.Debug|x86.ActiveCfg = Debug|x86
		{66114520-BA69-4FD1-9510-5EFFE6AFE43A}.Debug|x86.Build.0 = Debug|x86
		{66114520-BA69-4FD1-9510-5EFFE6AFE43A}.Debug|x86.Deploy.0 = Debug|x86
		{66114520-BA69-4FD1-9510-5EFFE6AFE43A}.Release|Any CPU.ActiveCfg = Release|x86
		{66114520-BA69-4FD1-9510-5EFFE6AFE43A}.Release|Any CPU.Build.0 = Release|x86
		{66114520-BA69-4FD1-9510-5EFFE6AFE43A}.Release|Any CPU.Deploy.0 = Release|x86
		{66114520-BA69-4FD1-9510-5EFFE6AFE43A}.Release|ARM.ActiveCfg = Release|ARM
		{66114520-BA69-4FD1-9510-5EFFE6AFE43A}.Release|ARM.Build.0 = Release|ARM
		{66114520-BA69-4FD1-9510-5EFFE6AFE43A}.Release|ARM.Deploy.0 = Release|ARM
		{66114520-BA69-4FD1-9510-5EFFE6AFE43A}.Release|iPhone.ActiveCfg = Release|x86
		{66114520-BA69-4FD1-9510-5EFFE6AFE43A}.Release|iPhone.Build.0 = Release|x86
		{66114520-BA69-4FD1-9510-5EFFE6AFE43A}.Release|iPhone.Deploy.0 = Release|x86
		{66114520-BA69-4FD1-9510-5EFFE6AFE43A}.Release|iPhoneSimulator.ActiveCfg = Release|x86
		{66114520-BA69-4FD1-9510-5EFFE6AFE43A}.Release|iPhoneSimulator.Build.0 = Release|x86
		{66114520-BA69-4FD1-9510-5EFFE6AFE43A}.Release|iPhoneSimulator.Deploy.0 = Release|x86
		{66114520-BA69-4FD1-9510-5EFFE6AFE43A}.Release|x64.ActiveCfg = Release|x64
		{66114520-BA69-4FD1-9510-5EFFE6AFE43A}.Release|x64.Build.0 = Release|x64
		{66114520-BA69-4FD1-9510-5EFFE6AFE43A}.Release|x64.Deploy.0 = Release|x64
		{66114520-BA69-4FD1-9510-5EFFE6AFE43A}.Release|x86.ActiveCfg = Release|x86
		{66114520-BA69-4FD1-9510-5EFFE6AFE43A}.Release|x86.Build.0 = Release|x86
		{66114520-BA69-4FD1-9510-5EFFE6AFE43A}.Release|x86.Deploy.0 = Release|x86
		{CF6F062B-BE65-43F3-B972-7DCEB7E35D4A}.Debug|Any CPU.ActiveCfg = Debug|Any CPU
		{CF6F062B-BE65-43F3-B972-7DCEB7E35D4A}.Debug|Any CPU.Build.0 = Debug|Any CPU
		{CF6F062B-BE65-43F3-B972-7DCEB7E35D4A}.Debug|Any CPU.Deploy.0 = Debug|Any CPU
		{CF6F062B-BE65-43F3-B972-7DCEB7E35D4A}.Debug|ARM.ActiveCfg = Debug|Any CPU
		{CF6F062B-BE65-43F3-B972-7DCEB7E35D4A}.Debug|ARM.Build.0 = Debug|Any CPU
		{CF6F062B-BE65-43F3-B972-7DCEB7E35D4A}.Debug|ARM.Deploy.0 = Debug|Any CPU
		{CF6F062B-BE65-43F3-B972-7DCEB7E35D4A}.Debug|iPhone.ActiveCfg = Debug|Any CPU
		{CF6F062B-BE65-43F3-B972-7DCEB7E35D4A}.Debug|iPhone.Build.0 = Debug|Any CPU
		{CF6F062B-BE65-43F3-B972-7DCEB7E35D4A}.Debug|iPhone.Deploy.0 = Debug|Any CPU
		{CF6F062B-BE65-43F3-B972-7DCEB7E35D4A}.Debug|iPhoneSimulator.ActiveCfg = Debug|Any CPU
		{CF6F062B-BE65-43F3-B972-7DCEB7E35D4A}.Debug|iPhoneSimulator.Build.0 = Debug|Any CPU
		{CF6F062B-BE65-43F3-B972-7DCEB7E35D4A}.Debug|iPhoneSimulator.Deploy.0 = Debug|Any CPU
		{CF6F062B-BE65-43F3-B972-7DCEB7E35D4A}.Debug|x64.ActiveCfg = Debug|Any CPU
		{CF6F062B-BE65-43F3-B972-7DCEB7E35D4A}.Debug|x64.Build.0 = Debug|Any CPU
		{CF6F062B-BE65-43F3-B972-7DCEB7E35D4A}.Debug|x64.Deploy.0 = Debug|Any CPU
		{CF6F062B-BE65-43F3-B972-7DCEB7E35D4A}.Debug|x86.ActiveCfg = Debug|Any CPU
		{CF6F062B-BE65-43F3-B972-7DCEB7E35D4A}.Debug|x86.Build.0 = Debug|Any CPU
		{CF6F062B-BE65-43F3-B972-7DCEB7E35D4A}.Debug|x86.Deploy.0 = Debug|Any CPU
		{CF6F062B-BE65-43F3-B972-7DCEB7E35D4A}.Release|Any CPU.ActiveCfg = Release|Any CPU
		{CF6F062B-BE65-43F3-B972-7DCEB7E35D4A}.Release|Any CPU.Build.0 = Release|Any CPU
		{CF6F062B-BE65-43F3-B972-7DCEB7E35D4A}.Release|Any CPU.Deploy.0 = Release|Any CPU
		{CF6F062B-BE65-43F3-B972-7DCEB7E35D4A}.Release|ARM.ActiveCfg = Release|Any CPU
		{CF6F062B-BE65-43F3-B972-7DCEB7E35D4A}.Release|ARM.Build.0 = Release|Any CPU
		{CF6F062B-BE65-43F3-B972-7DCEB7E35D4A}.Release|ARM.Deploy.0 = Release|Any CPU
		{CF6F062B-BE65-43F3-B972-7DCEB7E35D4A}.Release|iPhone.ActiveCfg = Release|Any CPU
		{CF6F062B-BE65-43F3-B972-7DCEB7E35D4A}.Release|iPhone.Build.0 = Release|Any CPU
		{CF6F062B-BE65-43F3-B972-7DCEB7E35D4A}.Release|iPhone.Deploy.0 = Release|Any CPU
		{CF6F062B-BE65-43F3-B972-7DCEB7E35D4A}.Release|iPhoneSimulator.ActiveCfg = Release|Any CPU
		{CF6F062B-BE65-43F3-B972-7DCEB7E35D4A}.Release|iPhoneSimulator.Build.0 = Release|Any CPU
		{CF6F062B-BE65-43F3-B972-7DCEB7E35D4A}.Release|iPhoneSimulator.Deploy.0 = Release|Any CPU
		{CF6F062B-BE65-43F3-B972-7DCEB7E35D4A}.Release|x64.ActiveCfg = Release|Any CPU
		{CF6F062B-BE65-43F3-B972-7DCEB7E35D4A}.Release|x64.Build.0 = Release|Any CPU
		{CF6F062B-BE65-43F3-B972-7DCEB7E35D4A}.Release|x64.Deploy.0 = Release|Any CPU
		{CF6F062B-BE65-43F3-B972-7DCEB7E35D4A}.Release|x86.ActiveCfg = Release|Any CPU
		{CF6F062B-BE65-43F3-B972-7DCEB7E35D4A}.Release|x86.Build.0 = Release|Any CPU
		{CF6F062B-BE65-43F3-B972-7DCEB7E35D4A}.Release|x86.Deploy.0 = Release|Any CPU
		{6CCC7BEA-C6B1-4F1A-A423-C567E7B230BB}.Debug|Any CPU.ActiveCfg = Debug|iPhoneSimulator
		{6CCC7BEA-C6B1-4F1A-A423-C567E7B230BB}.Debug|Any CPU.Build.0 = Debug|iPhoneSimulator
		{6CCC7BEA-C6B1-4F1A-A423-C567E7B230BB}.Debug|Any CPU.Deploy.0 = Debug|iPhoneSimulator
		{6CCC7BEA-C6B1-4F1A-A423-C567E7B230BB}.Debug|ARM.ActiveCfg = Debug|iPhone
		{6CCC7BEA-C6B1-4F1A-A423-C567E7B230BB}.Debug|ARM.Build.0 = Debug|iPhone
		{6CCC7BEA-C6B1-4F1A-A423-C567E7B230BB}.Debug|ARM.Deploy.0 = Debug|iPhone
		{6CCC7BEA-C6B1-4F1A-A423-C567E7B230BB}.Debug|iPhone.ActiveCfg = Debug|iPhone
		{6CCC7BEA-C6B1-4F1A-A423-C567E7B230BB}.Debug|iPhone.Build.0 = Debug|iPhone
		{6CCC7BEA-C6B1-4F1A-A423-C567E7B230BB}.Debug|iPhone.Deploy.0 = Debug|iPhone
		{6CCC7BEA-C6B1-4F1A-A423-C567E7B230BB}.Debug|iPhoneSimulator.ActiveCfg = Debug|iPhoneSimulator
		{6CCC7BEA-C6B1-4F1A-A423-C567E7B230BB}.Debug|iPhoneSimulator.Build.0 = Debug|iPhoneSimulator
		{6CCC7BEA-C6B1-4F1A-A423-C567E7B230BB}.Debug|iPhoneSimulator.Deploy.0 = Debug|iPhoneSimulator
		{6CCC7BEA-C6B1-4F1A-A423-C567E7B230BB}.Debug|x64.ActiveCfg = Debug|iPhoneSimulator
		{6CCC7BEA-C6B1-4F1A-A423-C567E7B230BB}.Debug|x64.Build.0 = Debug|iPhoneSimulator
		{6CCC7BEA-C6B1-4F1A-A423-C567E7B230BB}.Debug|x64.Deploy.0 = Debug|iPhoneSimulator
		{6CCC7BEA-C6B1-4F1A-A423-C567E7B230BB}.Debug|x86.ActiveCfg = Debug|iPhoneSimulator
		{6CCC7BEA-C6B1-4F1A-A423-C567E7B230BB}.Debug|x86.Build.0 = Debug|iPhoneSimulator
		{6CCC7BEA-C6B1-4F1A-A423-C567E7B230BB}.Debug|x86.Deploy.0 = Debug|iPhoneSimulator
		{6CCC7BEA-C6B1-4F1A-A423-C567E7B230BB}.Release|Any CPU.ActiveCfg = Release|iPhoneSimulator
		{6CCC7BEA-C6B1-4F1A-A423-C567E7B230BB}.Release|Any CPU.Build.0 = Release|iPhoneSimulator
		{6CCC7BEA-C6B1-4F1A-A423-C567E7B230BB}.Release|Any CPU.Deploy.0 = Release|iPhoneSimulator
		{6CCC7BEA-C6B1-4F1A-A423-C567E7B230BB}.Release|ARM.ActiveCfg = Release|iPhoneSimulator
		{6CCC7BEA-C6B1-4F1A-A423-C567E7B230BB}.Release|ARM.Build.0 = Release|iPhoneSimulator
		{6CCC7BEA-C6B1-4F1A-A423-C567E7B230BB}.Release|ARM.Deploy.0 = Release|iPhoneSimulator
		{6CCC7BEA-C6B1-4F1A-A423-C567E7B230BB}.Release|iPhone.ActiveCfg = Release|iPhone
		{6CCC7BEA-C6B1-4F1A-A423-C567E7B230BB}.Release|iPhone.Build.0 = Release|iPhone
		{6CCC7BEA-C6B1-4F1A-A423-C567E7B230BB}.Release|iPhone.Deploy.0 = Release|iPhone
		{6CCC7BEA-C6B1-4F1A-A423-C567E7B230BB}.Release|iPhoneSimulator.ActiveCfg = Release|iPhoneSimulator
		{6CCC7BEA-C6B1-4F1A-A423-C567E7B230BB}.Release|iPhoneSimulator.Build.0 = Release|iPhoneSimulator
		{6CCC7BEA-C6B1-4F1A-A423-C567E7B230BB}.Release|iPhoneSimulator.Deploy.0 = Release|iPhoneSimulator
		{6CCC7BEA-C6B1-4F1A-A423-C567E7B230BB}.Release|x64.ActiveCfg = Release|iPhoneSimulator
		{6CCC7BEA-C6B1-4F1A-A423-C567E7B230BB}.Release|x64.Build.0 = Release|iPhoneSimulator
		{6CCC7BEA-C6B1-4F1A-A423-C567E7B230BB}.Release|x64.Deploy.0 = Release|iPhoneSimulator
		{6CCC7BEA-C6B1-4F1A-A423-C567E7B230BB}.Release|x86.ActiveCfg = Release|iPhoneSimulator
		{6CCC7BEA-C6B1-4F1A-A423-C567E7B230BB}.Release|x86.Build.0 = Release|iPhoneSimulator
		{6CCC7BEA-C6B1-4F1A-A423-C567E7B230BB}.Release|x86.Deploy.0 = Release|iPhoneSimulator
		{29A1D332-47FB-4641-875B-AA01379668D5}.Debug|Any CPU.ActiveCfg = Debug|Any CPU
		{29A1D332-47FB-4641-875B-AA01379668D5}.Debug|Any CPU.Build.0 = Debug|Any CPU
		{29A1D332-47FB-4641-875B-AA01379668D5}.Debug|Any CPU.Deploy.0 = Debug|Any CPU
		{29A1D332-47FB-4641-875B-AA01379668D5}.Debug|ARM.ActiveCfg = Debug|Any CPU
		{29A1D332-47FB-4641-875B-AA01379668D5}.Debug|ARM.Build.0 = Debug|Any CPU
		{29A1D332-47FB-4641-875B-AA01379668D5}.Debug|ARM.Deploy.0 = Debug|Any CPU
		{29A1D332-47FB-4641-875B-AA01379668D5}.Debug|iPhone.ActiveCfg = Debug|Any CPU
		{29A1D332-47FB-4641-875B-AA01379668D5}.Debug|iPhone.Build.0 = Debug|Any CPU
		{29A1D332-47FB-4641-875B-AA01379668D5}.Debug|iPhone.Deploy.0 = Debug|Any CPU
		{29A1D332-47FB-4641-875B-AA01379668D5}.Debug|iPhoneSimulator.ActiveCfg = Debug|Any CPU
		{29A1D332-47FB-4641-875B-AA01379668D5}.Debug|iPhoneSimulator.Build.0 = Debug|Any CPU
		{29A1D332-47FB-4641-875B-AA01379668D5}.Debug|iPhoneSimulator.Deploy.0 = Debug|Any CPU
		{29A1D332-47FB-4641-875B-AA01379668D5}.Debug|x64.ActiveCfg = Debug|Any CPU
		{29A1D332-47FB-4641-875B-AA01379668D5}.Debug|x64.Build.0 = Debug|Any CPU
		{29A1D332-47FB-4641-875B-AA01379668D5}.Debug|x64.Deploy.0 = Debug|Any CPU
		{29A1D332-47FB-4641-875B-AA01379668D5}.Debug|x86.ActiveCfg = Debug|Any CPU
		{29A1D332-47FB-4641-875B-AA01379668D5}.Debug|x86.Build.0 = Debug|Any CPU
		{29A1D332-47FB-4641-875B-AA01379668D5}.Debug|x86.Deploy.0 = Debug|Any CPU
		{29A1D332-47FB-4641-875B-AA01379668D5}.Release|Any CPU.ActiveCfg = Release|Any CPU
		{29A1D332-47FB-4641-875B-AA01379668D5}.Release|Any CPU.Build.0 = Release|Any CPU
		{29A1D332-47FB-4641-875B-AA01379668D5}.Release|Any CPU.Deploy.0 = Release|Any CPU
		{29A1D332-47FB-4641-875B-AA01379668D5}.Release|ARM.ActiveCfg = Release|Any CPU
		{29A1D332-47FB-4641-875B-AA01379668D5}.Release|ARM.Build.0 = Release|Any CPU
		{29A1D332-47FB-4641-875B-AA01379668D5}.Release|ARM.Deploy.0 = Release|Any CPU
		{29A1D332-47FB-4641-875B-AA01379668D5}.Release|iPhone.ActiveCfg = Release|Any CPU
		{29A1D332-47FB-4641-875B-AA01379668D5}.Release|iPhone.Build.0 = Release|Any CPU
		{29A1D332-47FB-4641-875B-AA01379668D5}.Release|iPhone.Deploy.0 = Release|Any CPU
		{29A1D332-47FB-4641-875B-AA01379668D5}.Release|iPhoneSimulator.ActiveCfg = Release|Any CPU
		{29A1D332-47FB-4641-875B-AA01379668D5}.Release|iPhoneSimulator.Build.0 = Release|Any CPU
		{29A1D332-47FB-4641-875B-AA01379668D5}.Release|iPhoneSimulator.Deploy.0 = Release|Any CPU
		{29A1D332-47FB-4641-875B-AA01379668D5}.Release|x64.ActiveCfg = Release|Any CPU
		{29A1D332-47FB-4641-875B-AA01379668D5}.Release|x64.Build.0 = Release|Any CPU
		{29A1D332-47FB-4641-875B-AA01379668D5}.Release|x64.Deploy.0 = Release|Any CPU
		{29A1D332-47FB-4641-875B-AA01379668D5}.Release|x86.ActiveCfg = Release|Any CPU
		{29A1D332-47FB-4641-875B-AA01379668D5}.Release|x86.Build.0 = Release|Any CPU
		{29A1D332-47FB-4641-875B-AA01379668D5}.Release|x86.Deploy.0 = Release|Any CPU
	EndGlobalSection
	GlobalSection(SolutionProperties) = preSolution
		HideSolutionNode = FALSE
	EndGlobalSection
	GlobalSection(ExtensibilityGlobals) = postSolution
		SolutionGuid = {C2E67CBC-9D78-44B9-8C06-A481B4461461}
	EndGlobalSection
EndGlobal
